
Microsoft Visual Studio Solution File, Format Version 12.00
# Visual Studio Version 17
VisualStudioVersion = 17.6.33723.286
MinimumVisualStudioVersion = 10.0.40219.1
Project("{9A19103F-16F7-4668-BE54-9A1E7A4F7556}") = "SecureAppQa", "SecureAppQa\SecureAppQa.csproj", "{3AB509F1-F4E4-480C-B65C-C3DC4C5833EC}"
EndProject
Project("{2150E333-8FDC-42A3-9474-1A3956D46DE8}") = "Solution Items", "Solution Items", "{94E7771C-2DC2-4775-A820-10A58F21CC45}"
	ProjectSection(SolutionItems) = preProject
		DbConfigInfo.md = DbConfigInfo.md
		RevisionHistory.md = RevisionHistory.md
	EndProjectSection
EndProject
Project("{9A19103F-16F7-4668-BE54-9A1E7A4F7556}") = "SecureAppQaTests", "SecureAppQaTests\SecureAppQaTests.csproj", "{DD2A6DE0-F859-4F3A-AD73-E27A80261745}"
EndProject
Global
	GlobalSection(SolutionConfigurationPlatforms) = preSolution
		Debug|Any CPU = Debug|Any CPU
		Release|Any CPU = Release|Any CPU
	EndGlobalSection
	GlobalSection(ProjectConfigurationPlatforms) = postSolution
		{3AB509F1-F4E4-480C-B65C-C3DC4C5833EC}.Debug|Any CPU.ActiveCfg = Debug|Any CPU
		{3AB509F1-F4E4-480C-B65C-C3DC4C5833EC}.Debug|Any CPU.Build.0 = Debug|Any CPU
		{3AB509F1-F4E4-480C-B65C-C3DC4C5833EC}.Release|Any CPU.ActiveCfg = Release|Any CPU
		{3AB509F1-F4E4-480C-B65C-C3DC4C5833EC}.Release|Any CPU.Build.0 = Release|Any CPU
		{DD2A6DE0-F859-4F3A-AD73-E27A80261745}.Debug|Any CPU.ActiveCfg = Debug|Any CPU
		{DD2A6DE0-F859-4F3A-AD73-E27A80261745}.Debug|Any CPU.Build.0 = Debug|Any CPU
		{DD2A6DE0-F859-4F3A-AD73-E27A80261745}.Release|Any CPU.ActiveCfg = Release|Any CPU
		{DD2A6DE0-F859-4F3A-AD73-E27A80261745}.Release|Any CPU.Build.0 = Release|Any CPU
	EndGlobalSection
	GlobalSection(SolutionProperties) = preSolution
		HideSolutionNode = FALSE
	EndGlobalSection
	GlobalSection(ExtensibilityGlobals) = postSolution
		SolutionGuid = {8092162E-4509-4A5E-99C1-469FD8E3CFC7}
	EndGlobalSection
EndGlobal
